lockfileVersion: '9.0'

settings:
  autoInstallPeers: true
  excludeLinksFromLockfile: false

importers:

  .:
    devDependencies:
      tsdown:
        specifier: ^0.4.0
        version: 0.4.0(@emnapi/core@1.11.3)(@emnapi/runtime@1.11.3)(typescript@5.7.2)
      typescript:
        specifier: ~5.7.2
        version: 5.7.2

packages:

  '@antfu/utils@0.7.10':
    resolution: {integrity: sha512-+562v9k4aI80m1+VuMHehNJWLOFjBnXn3tdOitzD0il5b7smkSBal4+a3oKiQTbrwMmN/TBUMDvbdoWDehgOww==}

  '@emnapi/core@1.11.3':
    resolution: {integrity: sha512-zLpS5asjEb7lq8jYLq37N6XKaE41DIexlY1rF/z4/tIl3wo13Sqm28fRyfIsKZD+NZ8mM5RoKkpW/rBcuoSZSg==}

  '@emnapi/runtime@1.11.3':
    resolution: {integrity: sha512-Xz4Tpyki7XyrpbUK1jR1AhdAdaXyhhY4lZ3neLodmhpuWfy2PAQN5B46sAiU4liOXGLkHypn/qU+jvfWSCYYLA==}

  '@emnapi/wasi-threads@1.2.3':
    resolution: {integrity: sha512-ELEBe8PsLvvJ6QMr0zLt8ffvOHW/dc1m3CEzNMg7aJUv3bMaoDtw2TXyDAwkYBuroxxuHEwhRTLJSe5sya547g==}

  '@esbuild/aix-ppc64@0.20.2':
    resolution: {integrity: sha512-D+EBOJHXdNZcLJRBkhENNG8Wji2kgc9AZ9KiPr1JuZjsNtyHzrsfLRrY0tk2H2aoFu6RANO1y1iPPUCDYWkb5g==}
    engines: {node: '>=12'}
    cpu: [ppc64]
    os: [aix]

  '@esbuild/aix-ppc64@0.28.2':
    resolution: {integrity: sha512-XExcO+dvLKvVtNTibSTBej1NCAbaGhWn9Ww1ZPx80qsahhPFe/8jgWP0IchNe0F3HwkU7n8ejhH8bjonqht8mQ==}
    engines: {node: '>=18'}
    cpu: [ppc64]
    os: [aix]

  '@esbuild/android-arm64@0.20.2':
    resolution: {integrity: sha512-mRzjLacRtl/tWU0SvD8lUEwb61yP9cqQo6noDZP/O8VkwafSYwZ4yWy24kan8jE/IMERpYncRt2dw438LP3Xmg==}
    engines: {node: '>=12'}
    cpu: [arm64]
    os: [android]

  '@esbuild/android-arm64@0.28.2':
    resolution: {integrity: sha512-5YfKeeI8qWfBZIX+u2xZC3Zlb3Os/gLS2sbEKM+I4ZOcsWmHS2WLysCcQZDAFRslDUU5Oiq44gf6PYN1vGwG5A==}
    engines: {node: '>=18'}
    cpu: [arm64]
    os: [android]

  '@esbuild/android-arm@0.20.2':
    resolution: {integrity: sha512-t98Ra6pw2VaDhqNWO2Oph2LXbz/EJcnLmKLGBJwEwXX/JAN83Fym1rU8l0JUWK6HkIbWONCSSatf4sf2NBRx/w==}
    engines: {node: '>=12'}
    cpu: [arm]
    os: [android]

  '@esbuild/android-arm@0.28.2':
    resolution: {integrity: sha512-kXXoiPVVGQcnIYGOeaovwOURpniDBpSq4A03qkQ+BMQqtGG6HYap3xne9C1O1yo4TR3qxlCX5IqqmX6fFo2Lqg==}
    engines: {node: '>=18'}
    cpu: [arm]
    os: [android]

  '@esbuild/android-x64@0.20.2':
    resolution: {integrity: sha512-btzExgV+/lMGDDa194CcUQm53ncxzeBrWJcncOBxuC6ndBkKxnHdFJn86mCIgTELsooUmwUm9FkhSp5HYu00Rg==}
    engines: {node: '>=12'}
    cpu: [x64]
    os: [android]

  '@esbuild/android-x64@0.28.2':
    resolution: {integrity: sha512-O387ite7SzUyCcy3JQX4P4bLtEA7bLLkx+esve5JHnyYfNTxcVpXZo9jhdB0lTKN44gztELTdU7nS8Nr16Fs1Q==}
    engines: {node: '>=18'}
    cpu: [x64]
    os: [android]

  '@esbuild/darwin-arm64@0.20.2':
    resolution: {integrity: sha512-4J6IRT+10J3aJH3l1yzEg9y3wkTDgDk7TSDFX+wKFiWjqWp/iCfLIYzGyasx9l0SAFPT1HwSCR+0w/h1ES/MjA==}
    engines: {node: '>=12'}
    cpu: [arm64]
    os: [darwin]

  '@esbuild/darwin-arm64@0.28.2':
    resolution: {integrity: sha512-n4KqkOQrraxHJcgjM1RvwbigfQKIKJVpM7xp+KsxiyUSrRdIXnt73VhrPAx0fV44hgfmIVKjxMN9J1t5jySVkw==}
    engines: {node: '>=18'}
    cpu: [arm64]
    os: [darwin]

  '@esbuild/darwin-x64@0.20.2':
    resolution: {integrity: sha512-tBcXp9KNphnNH0dfhv8KYkZhjc+H3XBkF5DKtswJblV7KlT9EI2+jeA8DgBjp908WEuYll6pF+UStUCfEpdysA==}
    engines: {node: '>=12'}
    cpu: [x64]
    os: [darwin]

  '@esbuild/darwin-x64@0.28.2':
    resolution: {integrity: sha512-uq6suIWYP37qzGddBKPw5QEQPi6HiLGsO7UmkpfyaYNQ3D+rN6w6WfwH+nuqcGXWvawGwxOEroO4YGnFh95azw==}
    engines: {node: '>=18'}
    cpu: [x64]
    os: [darwin]

  '@esbuild/freebsd-arm64@0.20.2':
    resolution: {integrity: sha512-d3qI41G4SuLiCGCFGUrKsSeTXyWG6yem1KcGZVS+3FYlYhtNoNgYrWcvkOoaqMhwXSMrZRl69ArHsGJ9mYdbbw==}
    engines: {node: '>=12'}
    cpu: [arm64]
    os: [freebsd]

  '@esbuild/freebsd-arm64@0.28.2':
    resolution: {integrity: sha512-n+I0BTSRIoy+d6RPKnEVwql5UwBJolytvY4mAOIEJorKlqgPII8ix6slVVrfZ5Tnj7glIZvloylbB/EJPMWEXw==}
    engines: {node: '>=18'}
    cpu: [arm64]
    os: [freebsd]

  '@esbuild/freebsd-x64@0.20.2':
    resolution: {integrity: sha512-d+DipyvHRuqEeM5zDivKV1KuXn9WeRX6vqSqIDgwIfPQtwMP4jaDsQsDncjTDDsExT4lR/91OLjRo8bmC1e+Cw==}
    engines: {node: '>=12'}
    cpu: [x64]
    os: [freebsd]

  '@esbuild/freebsd-x64@0.28.2':
    resolution: {integrity: sha512-78XJTJkvPs0kz2w61301PJjXl4g7q3JqiYMZ/M/yVI73EHBrCRTgkhu9oqG7vPqq+a/yadEW8aD+agKlk5xrmg==}
    engines: {node: '>=18'}
    cpu: [x64]
    os: [freebsd]

  '@esbuild/linux-arm64@0.20.2':
    resolution: {integrity: sha512-9pb6rBjGvTFNira2FLIWqDk/uaf42sSyLE8j1rnUpuzsODBq7FvpwHYZxQ/It/8b+QOS1RYfqgGFNLRI+qlq2A==}
    engines: {node: '>=12'}
    cpu: [arm64]
    os: [linux]

  '@esbuild/linux-arm64@0.28.2':
    resolution: {integrity: sha512-pW4AC0P3it8c7do9MVM4p51FzHzdM/TZrerurgRcHJ2WTa1VQ1CIq18xncfpBJw4ojkiZZrKW2yIBWBP92j6Ug==}
    engines: {node: '>=18'}
    cpu: [arm64]
    os: [linux]

  '@esbuild/linux-arm@0.20.2':
    resolution: {integrity: sha512-VhLPeR8HTMPccbuWWcEUD1Az68TqaTYyj6nfE4QByZIQEQVWBB8vup8PpR7y1QHL3CpcF6xd5WVBU/+SBEvGTg==}
    engines: {node: '>=12'}
    cpu: [arm]
    os: [linux]

  '@esbuild/linux-arm@0.28.2':
    resolution: {integrity: sha512-XlDnu2q5yoqems+xay6wSAcg9DDD7K9RLKZEBOMZm3ckNpJBvOX20tSfby8KfrrhINDyv9V2YVZKY/SpoGJI8w==}
    engines: {node: '>=18'}
    cpu: [arm]
    os: [linux]

  '@esbuild/linux-ia32@0.20.2':
    resolution: {integrity: sha512-o10utieEkNPFDZFQm9CoP7Tvb33UutoJqg3qKf1PWVeeJhJw0Q347PxMvBgVVFgouYLGIhFYG0UGdBumROyiig==}
    engines: {node: '>=12'}
    cpu: [ia32]
    os: [linux]

  '@esbuild/linux-ia32@0.28.2':
    resolution: {integrity: sha512-CYbnj78HsIeA+DhgUKgFCfvNsTHFhMMrinUrMZpDXJXKN8T3XViTZ/+wtHeVxEWY8ewSzTFN+nRmSwO2tZaLUQ==}
    engines: {node: '>=18'}
    cpu: [ia32]
    os: [linux]

  '@esbuild/linux-loong64@0.20.2':
    resolution: {integrity: sha512-PR7sp6R/UC4CFVomVINKJ80pMFlfDfMQMYynX7t1tNTeivQ6XdX5r2XovMmha/VjR1YN/HgHWsVcTRIMkymrgQ==}
    engines: {node: '>=12'}
    cpu: [loong64]
    os: [linux]

  '@esbuild/linux-loong64@0.28.2':
    resolution: {integrity: sha512-buwkd8nsph4R+ajRvw0qM5Hja/TXQow3ptzWO2EbG/cqcIkHloRrdlBtQlshyYGTNFvfkfJ5tpPLVkY4DtsPfQ==}
    engines: {node: '>=18'}
    cpu: [loong64]
    os: [linux]

  '@esbuild/linux-mips64el@0.20.2':
    resolution: {integrity: sha512-4BlTqeutE/KnOiTG5Y6Sb/Hw6hsBOZapOVF6njAESHInhlQAghVVZL1ZpIctBOoTFbQyGW+LsVYZ8lSSB3wkjA==}
    engines: {node: '>=12'}
    cpu: [mips64el]
    os: [linux]

  '@esbuild/linux-mips64el@0.28.2':
    resolution: {integrity: sha512-ZVykbDyk7519VwiNb9Lcj9m8XM6v5V9uKPvrEMkkEedVewf+0itkhahp4HDpgERXhwLRpWFypsGbG/J8s0QjJA==}
    engines: {node: '>=18'}
    cpu: [mips64el]
    os: [linux]

  '@esbuild/linux-ppc64@0.20.2':
    resolution: {integrity: sha512-rD3KsaDprDcfajSKdn25ooz5J5/fWBylaaXkuotBDGnMnDP1Uv5DLAN/45qfnf3JDYyJv/ytGHQaziHUdyzaAg==}
    engines: {node: '>=12'}
    cpu: [ppc64]
    os: [linux]

  '@esbuild/linux-ppc64@0.28.2':
    resolution: {integrity: sha512-CAXl+Dtd9UUuJd8pKKdwh6MLm3MUMiqMPmhZ3tTSXPqfyQ3vDl6R5hZdZ/kYojK4ofXtdfSv1tFq8XzWx3heNQ==}
    engines: {node: '>=18'}
    cpu: [ppc64]
    os: [linux]

  '@esbuild/linux-riscv64@0.20.2':
    resolution: {integrity: sha512-snwmBKacKmwTMmhLlz/3aH1Q9T8v45bKYGE3j26TsaOVtjIag4wLfWSiZykXzXuE1kbCE+zJRmwp+ZbIHinnVg==}
    engines: {node: '>=12'}
    cpu: [riscv64]
    os: [linux]

  '@esbuild/linux-riscv64@0.28.2':
    resolution: {integrity: sha512-GeXCej4IQtU1B+QlDV8W/RRvbzI3O/Stss+/bCXv4lZls5WGRtu2a+3JkA3i4qIUlMXpcHebWpF8AkJhATowuA==}
    engines: {node: '>=18'}
    cpu: [riscv64]
    os: [linux]

  '@esbuild/linux-s390x@0.20.2':
    resolution: {integrity: sha512-wcWISOobRWNm3cezm5HOZcYz1sKoHLd8VL1dl309DiixxVFoFe/o8HnwuIwn6sXre88Nwj+VwZUvJf4AFxkyrQ==}
    engines: {node: '>=12'}
    cpu: [s390x]
    os: [linux]

  '@esbuild/linux-s390x@0.28.2':
    resolution: {integrity: sha512-3H1weTYZPxt/WOhByszQZybS9w5lKzUn1FDMsgEChbHWQwHYQQRfBxgCcZvPhjHfKyJjIievvMmEUawJrdY9Dg==}
    engines: {node: '>=18'}
    cpu: [s390x]
    os: [linux]

  '@esbuild/linux-x64@0.20.2':
    resolution: {integrity: sha512-1MdwI6OOTsfQfek8sLwgyjOXAu+wKhLEoaOLTjbijk6E2WONYpH9ZU2mNtR+lZ2B4uwr+usqGuVfFT9tMtGvGw==}
    engines: {node: '>=12'}
    cpu: [x64]
    os: [linux]

  '@esbuild/linux-x64@0.28.2':
    resolution: {integrity: sha512-4xTZr1FUmSoQW4XIWmit3tzQrUTZM+N3P0XV8xROKYF50XfI7xeO90+1bZvNwxIufQ9hDQVRJH5YhgPVF8A/HQ==}
    engines: {node: '>=18'}
    cpu: [x64]
    os: [linux]

  '@esbuild/netbsd-arm64@0.28.2':
    resolution: {integrity: sha512-sSATRjPeDBg3pdgHoQfoYBob11Kk1FGa9lui5RIHZCoCkJa9QKlvl3/vKz2usCmYYjs7ymJR/2Nnsqe+Hjt5nw==}
    engines: {node: '>=18'}
    cpu: [arm64]
    os: [netbsd]

  '@esbuild/netbsd-x64@0.20.2':
    resolution: {integrity: sha512-K8/DhBxcVQkzYc43yJXDSyjlFeHQJBiowJ0uVL6Tor3jGQfSGHNNJcWxNbOI8v5k82prYqzPuwkzHt3J1T1iZQ==}
    engines: {node: '>=12'}
    cpu: [x64]
    os: [netbsd]

  '@esbuild/netbsd-x64@0.28.2':
    resolution: {integrity: sha512-lqnzCV+mM0gIADaKihiCg6ifgfU2L3h5E33rNQBN1Y4MaVGnzryzmvvf7UHxprpQdE8hpqLolJ9Rl+SkIRDpyw==}
    engines: {node: '>=18'}
    cpu: [x64]
    os: [netbsd]

  '@esbuild/openbsd-arm64@0.28.2':
    resolution: {integrity: sha512-AL2qJILH7lNjrDmCQDvdxMfAUIv8KMNZOvrwAQ8i8//ntL9FflhOyMJ8OZSMBb8/AWXe3/5v5S20y3zCoZWKoQ==}
    engines: {node: '>=18'}
    cpu: [arm64]
    os: [openbsd]

  '@esbuild/openbsd-x64@0.20.2':
    resolution: {integrity: sha512-eMpKlV0SThJmmJgiVyN9jTPJ2VBPquf6Kt/nAoo6DgHAoN57K15ZghiHaMvqjCye/uU4X5u3YSMgVBI1h3vKrQ==}
    engines: {node: '>=12'}
    cpu: [x64]
    os: [openbsd]

  '@esbuild/openbsd-x64@0.28.2':
    resolution: {integrity: sha512-QtiuPytchRyC4rwUKhexJdQKvDuZ6hWloi3igqPQNUJCS1/v9EiO3UTOXR6A3FoMo4fnAKbWJdqaIwhOzh8qEw==}
    engines: {node: '>=18'}
    cpu: [x64]
    os: [openbsd]

  '@esbuild/openharmony-arm64@0.28.2':
    resolution: {integrity: sha512-WkhYDmpTjLvGlScA1rwjRUmhl4k8oXR3cIbtqWmELgU/dFeHHlEllxDvdWcNJV9rbzCexB5vz8gtNewWLgCT7Q==}
    engines: {node: '>=18'}
    cpu: [arm64]
    os: [openharmony]

  '@esbuild/sunos-x64@0.20.2':
    resolution: {integrity: sha512-2UyFtRC6cXLyejf/YEld4Hajo7UHILetzE1vsRcGL3earZEW77JxrFjH4Ez2qaTiEfMgAXxfAZCm1fvM/G/o8w==}
    engines: {node: '>=12'}
    cpu: [x64]
    os: [sunos]

  '@esbuild/sunos-x64@0.28.2':
    resolution: {integrity: sha512-GPMSkTOtMnv2U2F8gxe4Io6qmVs+YKyp832Etqqxr0hFngmXQ3rzwytelm3GIn7T4VviRUlf3sOgBOiTdvaf7g==}
    engines: {node: '>=18'}
    cpu: [x64]
    os: [sunos]

  '@esbuild/win32-arm64@0.20.2':
    resolution: {integrity: sha512-GRibxoawM9ZCnDxnP3usoUDO9vUkpAxIIZ6GQI+IlVmr5kP3zUq+l17xELTHMWTWzjxa2guPNyrpq1GWmPvcGQ==}
    engines: {node: '>=12'}
    cpu: [arm64]
    os: [win32]

  '@esbuild/win32-arm64@0.28.2':
    resolution: {integrity: sha512-PIhhEkE9uPBleRBrQEJpUn7MBnibZzbGzYWPmY3x+YoVg/95zbjB4CxPPOQ8l5tYYM4mMaCthF8/1DIfBQQyWQ==}
    engines: {node: '>=18'}
    cpu: [arm64]
    os: [win32]

  '@esbuild/win32-ia32@0.20.2':
    resolution: {integrity: sha512-HfLOfn9YWmkSKRQqovpnITazdtquEW8/SoHW7pWpuEeguaZI4QnCRW6b+oZTztdBnZOS2hqJ6im/D5cPzBTTlQ==}
    engines: {node: '>=12'}
    cpu: [ia32]
    os: [win32]

  '@esbuild/win32-ia32@0.28.2':
    resolution: {integrity: sha512-YmJbfTlvU7Sdn9BB+4PRES4oB6pxgS37MAONj+hBr/cpXS1aBPKXxNnDbu+QCWPj0o9dgyxeq79g6c5P8KeuYA==}
    engines: {node: '>=18'}
    cpu: [ia32]
    os: [win32]

  '@esbuild/win32-x64@0.20.2':
    resolution: {integrity: sha512-N49X4lJX27+l9jbLKSqZ6bKNjzQvHaT8IIFUy+YIqmXQdjYCToGWwOItDrfby14c78aDd5NHQl29xingXfCdLQ==}
    engines: {node: '>=12'}
    cpu: [x64]
    os: [win32]

  '@esbuild/win32-x64@0.28.2':
    resolution: {integrity: sha512-5ebpxr3nWMzrL/rnUI755Jkuee0bHL/Gq0WTF9lvcpv73wAp5eu8MfBUgWK9bhWvZjj7yX8etf/8tI8Ney695g==}
    engines: {node: '>=18'}
    cpu: [x64]
    os: [win32]

  '@jridgewell/sourcemap-codec@1.5.0':
    resolution: {integrity: sha512-gv3ZRaISU3fjPAgNsriBRqGWQL6quFx04YMPW/zD8XMLsU32mhCCbfbO6KZFLjvYpCZ8zyDEgqsgf+PwPaM7GQ==}

  '@napi-rs/wasm-runtime@1.2.3':
    resolution: {integrity: sha512-UMduMbqO5s5zF2NkNacMT/yK5Y5QiKvWr2+50bzIIxFDwVJ2h49b+oyjaCGPhJxd2/gC2x39EHv/gHVuu36x2Q==}
    engines: {node: ^20.19.0 || ^22.13.0 || >=23.5.0}
    peerDependencies:
      '@emnapi/core': ^1.7.1 || ^2.0.0-alpha.4
      '@emnapi/runtime': ^1.7.1 || ^2.0.0-alpha.4

  '@oxc-parser/binding-darwin-arm64@0.38.0':
    resolution: {integrity: sha512-yMDY/KrF2gEEpVIzaVWuO1savy303onvhg96a+1mUfLhgH9lvfZZyus4/LVokRHYCCy+6ey/1ytyilVnSeTDYA==}
    cpu: [arm64]
    os: [darwin]

  '@oxc-parser/binding-darwin-x64@0.38.0':
    resolution: {integrity: sha512-OD8PQT5nAdNCbmzMVfafIQi9/yxSvfEH5fpLXPKVTCtAEc/d5aX6JpipjW231/3TF8mjXO1y3xZM1xKGXJEk/A==}
    cpu: [x64]
    os: [darwin]

  '@oxc-parser/binding-linux-arm64-gnu@0.38.0':
    resolution: {integrity: sha512-REfFdTk+cdIC8etE8v0CoZtVObKIiymFsPkQTYca2V2ZwJ9/SgUr6NNNjLJdkGOipwjBk8d2cyOZzNDIMfzmqw==}
    cpu: [arm64]
    os: [linux]
    libc: [glibc]

  '@oxc-parser/binding-linux-arm64-musl@0.38.0':
    resolution: {integrity: sha512-tSDRTahOoT4KDS0dicDEFgBH2nEDqNmqFG+N6PS2LrExYEDS01noRIxMFpx2Sz22a+6ZnvkfVmStp6VK+9fpBQ==}
    cpu: [arm64]
    os: [linux]
    libc: [musl]

  '@oxc-parser/binding-linux-x64-gnu@0.38.0':
    resolution: {integrity: sha512-qc6NdCzcCAxCK5KVde2ULq+7cyiJwrMV/1yozSUqvu26yme56Es3rWHFuPToxrhw+2olvc93AX+PVYMy3DqrGw==}
    cpu: [x64]
    os: [linux]
    libc: [glibc]

  '@oxc-parser/binding-linux-x64-musl@0.38.0':
    resolution: {integrity: sha512-x/9XyivlMjnQ7gofNK6u+L+BMdwKf/GuLJ0vrmrWolKGR9CBSzZRwZfTw+cG0T7U6Y6CN36tSqijA0eTo3U8zw==}
    cpu: [x64]
    os: [linux]
    libc: [musl]

  '@oxc-parser/binding-win32-arm64-msvc@0.38.0':
    resolution: {integrity: sha512-SUlt+MUid0VUL5cLbbZzVGA9xNoqLl29xF1ueTeDt/BdQyrLELjTxoGtgisF6blAD6Rj2JqPtnfk+CT7GBwL2w==}
    cpu: [arm64]
    os: [win32]

  '@oxc-parser/binding-win32-x64-msvc@0.38.0':
    resolution: {integrity: sha512-l/nFJutJ+zZTGj7ayL22r+og8g6dOC/47fSlsyl+KQXsmAFDStaARioHP9g+von/0bS23LX/9Eo8YeK5kFc7KA==}
    cpu: [x64]
    os: [win32]

  '@oxc-project/types@0.108.0':
    resolution: {integrity: sha512-7lf13b2IA/kZO6xgnIZA88sq3vwrxWk+2vxf6cc+omwYCRTiA5e63Beqf3fz/v8jEviChWWmFYBwzfSeyrsj7Q==}

  '@oxc-project/types@0.38.0':
    resolution: {integrity: sha512-WjRra3cmQt/VPRTwiVuYITm6RNr4SjwYeVZkT0oPn1M0Li2caILj1mlRELhHXad4nLAlnfliH5daHFKjQ9d3jQ==}

  '@oxc-transform/binding-darwin-arm64@0.38.0':
    resolution: {integrity: sha512-avQJUlbYIi43gAuZdnoY514xeQ3f+A1Rbl80BBgjISCmKHTgnAQ8I33XGwYLYDZ6MKIqJFjW24AOFP8xpIT3Dw==}
    cpu: [arm64]
    os: [darwin]

  '@oxc-transform/binding-darwin-x64@0.38.0':
    resolution: {integrity: sha512-yIjtgsKWNxRCAF/a1LItipWIZdbPIGgb8VJyRdU87BqYeF4oHM0zEjn3cGE6LEA3Qbx5V744S5ouozaUZhkDQg==}
    cpu: [x64]
    os: [darwin]

  '@oxc-transform/binding-linux-arm64-gnu@0.38.0':
    resolution: {integrity: sha512-8xcwv8VO6ee/z8kx7Peu9iLFZmnHzX/65IAsZ6O+PHMEeJjgUfrqqrcScBF/HbEQ5oqW/Tg3AsLucayWKbclhg==}
    cpu: [arm64]
    os: [linux]
    libc: [glibc]

  '@oxc-transform/binding-linux-arm64-musl@0.38.0':
    resolution: {integrity: sha512-kMcS7St9x2nWnyxyHd59y0a2fxjh4Bn6OX6lGODhLYtFGujTbPThOzc0eO7PgS571ABxj+885+2PcbNB/WJBtQ==}
    cpu: [arm64]
    os: [linux]
    libc: [musl]

  '@oxc-transform/binding-linux-x64-gnu@0.38.0':
    resolution: {integrity: sha512-HiI14gyp3bzEnP4Rre2VQcOJx53iEB7mUoNp0tlRCR2ViAJ/fJtTP7zRBjggpiFTyqow8cKA7kCr2qkws0yXHw==}
    cpu: [x64]
    os: [linux]
    libc: [glibc]

  '@oxc-transform/binding-linux-x64-musl@0.38.0':
    resolution: {integrity: sha512-KzerbU9AD4THINpAevOIaRXsZGQE6qRU9U0D5nI6Zs5qIBfzna7TbsJH45J6YNl4VgPaihO8yB9ZEkyF7+HRcA==}
    cpu: [x64]
    os: [linux]
    libc: [musl]

  '@oxc-transform/binding-win32-arm64-msvc@0.38.0':
    resolution: {integrity: sha512-19Nj9WDPyZzp7RB2vkOF+sS9xWHHG+QksLUy3FnOEVdn9LrFTc4BSfmov8uYlU551VafpeeOLft6Kbo8QSDT2g==}
    cpu: [arm64]
    os: [win32]

  '@oxc-transform/binding-win32-x64-msvc@0.38.0':
    resolution: {integrity: sha512-viB5osZG8voPYm5vuodIZsUEmfgQuwSgO21wE4bM6PvtGNcVXqu0HyJLaaJFA7IpzO5VqLiy3U7Cum5CDkrYww==}
    cpu: [x64]
    os: [win32]

  '@rolldown/binding-android-arm64@1.0.0-beta.60':
    resolution: {integrity: sha512-hOW6iQXtpG4uCW1zGK56+KhEXGttSkTp2ykncW/nkOIF/jOKTqbM944Q73HVeMXP1mPRvE2cZwNp3xeLIeyIGQ==}
    engines: {node: ^20.19.0 || >=22.12.0}
    cpu: [arm64]
    os: [android]

  '@rolldown/binding-darwin-arm64@1.0.0-beta.60':
    resolution: {integrity: sha512-vyDA4HXY2mP8PPtl5UE17uGPxUNG4m1wkfa3kAkR8JWrFbarV97UmLq22IWrNhtBPa89xqerzLK8KoVmz5JqCQ==}
    engines: {node: ^20.19.0 || >=22.12.0}
    cpu: [arm64]
    os: [darwin]

  '@rolldown/binding-darwin-x64@1.0.0-beta.60':
    resolution: {integrity: sha512-WnxyqxAKP2BsxouwGY/RCF5UFw/LA4QOHhJ7VEl+UCelHokiwqNHRbryLAyRy3TE1FZ5eae+vAFcaetAu/kWLw==}
    engines: {node: ^20.19.0 || >=22.12.0}
    cpu: [x64]
    os: [darwin]

  '@rolldown/binding-freebsd-x64@1.0.0-beta.60':
    resolution: {integrity: sha512-JtyWJ+zXOHof5gOUYwdTWI2kL6b8q9eNwqB/oD4mfUFaC/COEB2+47JMhcq78dey9Ahmec3DZKRDZPRh9hNAMQ==}
    engines: {node: ^20.19.0 || >=22.12.0}
    cpu: [x64]
    os: [freebsd]

  '@rolldown/binding-linux-arm-gnueabihf@1.0.0-beta.60':
    resolution: {integrity: sha512-LrMoKqpHx+kCaNSk84iSBd4yVOymLIbxJQtvFjDN2CjQraownR+IXcwYDblFcj9ivmS54T3vCboXBbm3s1zbPQ==}
    engines: {node: ^20.19.0 || >=22.12.0}
    cpu: [arm]
    os: [linux]

  '@rolldown/binding-linux-arm64-gnu@1.0.0-beta.60':
    resolution: {integrity: sha512-sqI+Vdx1gmXJMsXN3Fsewm3wlt7RHvRs1uysSp//NLsCoh9ZFEUr4ZzGhWKOg6Rvf+njNu/vCsz96x7wssLejQ==}
    engines: {node: ^20.19.0 || >=22.12.0}
    cpu: [arm64]
    os: [linux]
    libc: [glibc]

  '@rolldown/binding-linux-arm64-musl@1.0.0-beta.60':
    resolution: {integrity: sha512-8xlqGLDtTP8sBfYwneTDu8+PRm5reNEHAuI/+6WPy9y350ls0KTFd3EJCOWEXWGW0F35ko9Fn9azmurBTjqOrQ==}
    engines: {node: ^20.19.0 || >=22.12.0}
    cpu: [arm64]
    os: [linux]
    libc: [musl]

  '@rolldown/binding-linux-x64-gnu@1.0.0-beta.60':
    resolution: {integrity: sha512-iR4nhVouVZK1CiGGGyz+prF5Lw9Lmz30Rl36Hajex+dFVFiegka604zBwzTp5Tl0BZnr50ztnVJ30tGrBhDr8Q==}
    engines: {node: ^20.19.0 || >=22.12.0}
    cpu: [x64]
    os: [linux]
    libc: [glibc]

  '@rolldown/binding-linux-x64-musl@1.0.0-beta.60':
    resolution: {integrity: sha512-HbfNcqNeqxFjSMf1Kpe8itr2e2lr0Bm6HltD2qXtfU91bSSikVs9EWsa1ThshQ1v2ZvxXckGjlVLtah6IoslPg==}
    engines: {node: ^20.19.0 || >=22.12.0}
    cpu: [x64]
    os: [linux]
    libc: [musl]

  '@rolldown/binding-openharmony-arm64@1.0.0-beta.60':
    resolution: {integrity: sha512-BiiamFcgTJ+ZFOUIMO9AHXUo9WXvHVwGfSrJ+Sv0AsTd2w3VN7dJGiH3WRcxKFetljJHWvGbM4fdpY5lf6RIvw==}
    engines: {node: ^20.19.0 || >=22.12.0}
    cpu: [arm64]
    os: [openharmony]

  '@rolldown/binding-wasm32-wasi@1.0.0-beta.60':
    resolution: {integrity: sha512-6roXGbHMdR2ucnxXuwbmQvk8tuYl3VGu0yv13KxspyKBxxBd4RS6iykzLD6mX2gMUHhfX8SVWz7n/62gfyKHow==}
    engines: {node: '>=14.0.0'}
    cpu: [wasm32]

  '@rolldown/binding-win32-arm64-msvc@1.0.0-beta.60':
    resolution: {integrity: sha512-JBOm8/DC/CKnHyMHoJFdvzVHxUixid4dGkiTqGflxOxO43uSJMpl77pSPXvzwZ/VXwqblU2V0/PanyCBcRLowQ==}
    engines: {node: ^20.19.0 || >=22.12.0}
    cpu: [arm64]
    os: [win32]

  '@rolldown/binding-win32-x64-msvc@1.0.0-beta.60':
    resolution: {integrity: sha512-MKF0B823Efp+Ot8KsbwIuGhKH58pf+2rSM6VcqyNMlNBHheOM0Gf7JmEu+toc1jgN6fqjH7Et+8hAzsLVkIGfA==}
    engines: {node: ^20.19.0 || >=22.12.0}
    cpu: [x64]
    os: [win32]

  '@rolldown/pluginutils@1.0.0-beta.60':
    resolution: {integrity: sha512-Jz4aqXRPVtqkH1E3jRDzLO5cgN5JwW+WG0wXGE4NiJd25nougv/AHzxmKCzmVQUYnxLmTM0M4wrZp+LlC2FKLg==}

  '@rollup/pluginutils@5.4.0':
    resolution: {integrity: sha512-MfPp06CjRLfXQ3wY0R8vJDYBy/MvVcc9OulEfR0B8Iv9ko+GCNaRZ+EpJYFl27LhKsZK0o420sYCRHCjfCgeUg==}
    engines: {node: '>=14.0.0'}
    peerDependencies:
      rollup: ^1.20.0||^2.0.0||^3.0.0||^4.0.0
    peerDependenciesMeta:
      rollup:
        optional: true

  '@tybys/wasm-util@0.10.3':
    resolution: {integrity: sha512-F3fo1MYrRJYL3zER0OUOmkutjr1Vp23m7OsSgp7nq4SP6OqX6C/56XFIPAl5bt3zaBRjmW7SGz3u/6LwFpYcOg==}

  '@types/estree@1.0.9':
    resolution: {integrity: sha512-GhdPgy1el4/ImP05X05Uw4cw2/M93BCUmnEvWZNStlCzEKME4Fkk+YpoA5OiHNQmoS7Cafb8Xa3Pya8m1Qrzeg==}

  acorn@8.18.0:
    resolution: {integrity: sha512-lGq+9yr1/GuAWaVYIHRjvvySG5/4VfKIvC8EWxStPdcDh/Ka7FG3twP6v4d5BkravUilhIAsG4Qj83t02LWUPQ==}
    engines: {node: '>=0.4.0'}
    hasBin: true

  bundle-require@5.1.0:
    resolution: {integrity: sha512-3WrrOuZiyaaZPWiEt4G3+IffISVC9HYlWueJEBWED4ZH4aIAC2PnkdnuRrR94M+w6yGWn4AglWtJtBI8YqvgoA==}
    engines: {node: ^12.20.0 || ^14.13.1 || >=16.0.0}
    peerDependencies:
      esbuild: '>=0.18'

  cac@6.7.14:
    resolution: {integrity: sha512-b6Ilus+c3RrdDk+JhLKUAQfzzgLEPy6wcXqS7f/xe1EETvsDP6GORG7SFuOs6cID5YkqchW/LXZbX5bc8j7ZcQ==}
    engines: {node: '>=8'}

  chokidar@4.0.3:
    resolution: {integrity: sha512-Qgzu8kfBvo+cA4962jnP1KkS6Dop5NS6g7R5LFYJr4b8Ub94PPQXUksCw9PvXoeXPRRddRNC5C1JQUR2SMGtnA==}
    engines: {node: '>= 14.16.0'}

  confbox@0.1.8:
    resolution: {integrity: sha512-RMtmw0iFkeR4YV+fUOSucriAQNb9g8zFR52MWCtl+cCZOFRNL6zeB395vPzFhEjjn4fMxXudmELnl/KF/WrK6w==}

  consola@3.4.2:
    resolution: {integrity: sha512-5IKcdX0nnYavi6G7TtOhwkYzyjfJlatbjMjuLSfE2kYT5pMDOilZ4OvMhi637CcDICTmz3wARPoyhqyX1Y+XvA==}
    engines: {node: ^14.18.0 || >=16.10.0}

  debug@4.4.3:
    resolution: {integrity: sha512-RGwwWnwQvkVfavKVt22FGLw+xYSdzARwm0ru6DhTVA3umU5hZc28V3kO4stgYryrTlLpuvgI9GiijltAjNbcqA==}
    engines: {node: '>=6.0'}
    peerDependencies:
      supports-color: '*'
    peerDependenciesMeta:
      supports-color:
        optional: true

  defu@6.1.7:
    resolution: {integrity: sha512-7z22QmUWiQ/2d0KkdYmANbRUVABpZ9SNYyH5vx6PZ+nE5bcC0l7uFvEfHlyld/HcGBFTL536ClDt3DEcSlEJAQ==}

  esbuild@0.20.2:
    resolution: {integrity: sha512-WdOOppmUNU+IbZ0PaDiTst80zjnrOkyJNHoKupIcVyU8Lvla3Ugx94VzkQ32Ijqd7UhHJy75gNWDMUekcrSJ6g==}
    engines: {node: '>=12'}
    hasBin: true

  esbuild@0.28.2:
    resolution: {integrity: sha512-HKVLS8dvII+xoKW9kmqxbRKrnWEXfJJr/FZhhJmiqIB0e053QNYFqOBouTMO/k5sID4MvCiUCvv8b9M4h32wIA==}
    engines: {node: '>=18'}
    hasBin: true

  estree-walker@2.0.2:
    resolution: {integrity: sha512-Rfkk/Mp/DL7JVje3u18FxFujQlTNR2q6QfMSMB7AvCBx91NGj/ba3kCfza0f6dVDbw7YlRf/nDrn7pQrCCyQ/w==}

  fdir@6.5.0:
    resolution: {integrity: sha512-tIbYtZbucOs0BRGqPJkshJUYdL+SDH7dVM8gjy+ERp3WAUjLEFJE+02kanyHtwjWOnwrKYBiwAmM0p4kLJAnXg==}
    engines: {node: '>=12.0.0'}
    peerDependencies:
      picomatch: ^3 || ^4
    peerDependenciesMeta:
      picomatch:
        optional: true

  fsevents@2.3.3:
    resolution: {integrity: sha512-5xoDfX+fL7faATnagmWPpbFtwh/R77WmMMqqHGS65C3vvB0YHrgF+B1YmZ3441tMj5n63k0212XNoJwzlhffQw==}
    engines: {node: ^8.16.0 || ^10.6.0 || >=11.0.0}
    os: [darwin]

  importx@0.5.2:
    resolution: {integrity: sha512-YEwlK86Ml5WiTxN/ECUYC5U7jd1CisAVw7ya4i9ZppBoHfFkT2+hChhr3PE2fYxUKLkNyivxEQpa5Ruil1LJBQ==}

  jiti@2.7.0:
    resolution: {integrity: sha512-AC/7JofJvZGrrneWNaEnJeOLUx+JlGt7tNa0wZiRPT4MY1wmfKjt2+6O2p2uz2+skll8OZZmJMNqeke7kKbNgQ==}
    hasBin: true

  js-tokens@9.0.0:
    resolution: {integrity: sha512-WriZw1luRMlmV3LGJaR6QOJjWwgLUTf89OwT2lUOyjX2dJGBwgmIkbcz+7WFZjrZM635JOIR517++e/67CP9dQ==}

  load-tsconfig@0.2.5:
    resolution: {integrity: sha512-IXO6OCs9yg8tMKzfPZ1YmheJbZCiEsnBdcB03l0OcfK9prKnJb96siuHCr5Fl37/yo9DnKU+TLpxzTUspw9shg==}
    engines: {node: ^12.20.0 || ^14.13.1 || >=16.0.0}

  magic-string@0.30.14:
    resolution: {integrity: sha512-5c99P1WKTed11ZC0HMJOj6CDIue6F8ySu+bJL+85q1zBEIY8IklrJ1eiKC2NDRh3Ct3FcvmJPyQHb9erXMTJNw==}

  mlly@1.8.2:
    resolution: {integrity: sha512-d+ObxMQFmbt10sretNDytwt85VrbkhhUA/JBGm1MPaWJ65Cl4wOgLaB1NYvJSZ0Ef03MMEU/0xpPMXUIQ29UfA==}

  ms@2.1.3:
    resolution: {integrity: sha512-6FlzubTLZG3J2a/NVCAleEhjzq5oxgHyaCU9yYXvcLsvoVaHJq/s5xXI6/XXP6tz7R9xAOtHnSO/tXtF3WRTlA==}

  oxc-parser@0.38.0:
    resolution: {integrity: sha512-w/cUL64wDb72gaBoOnvodKgHhNF9pDjb2b8gPkDKJDTvIvlbcE9XGDT3cnXOP4N3XCMrRT4MC23bCHGb3gCFSQ==}

  oxc-transform@0.38.0:
    resolution: {integrity: sha512-vgUIJt7MuLRKm/TrrhC1mi2WrGR69s+Xc87ly6IHQ8w9T8SQbI0rYPX+oyQYeXn21v4jZzdh3jGLcF4Yo4NIWw==}

  pathe@1.1.2:
    resolution: {integrity: sha512-whLdWMYL2TwI08hn8/ZqAbrVemu0LNaNNJZX73O6qaIdCTfXutsLhMkjdENX0qhsQ9uIimo4/aQOmXkoon2nDQ==}

  pathe@2.0.3:
    resolution: {integrity: sha512-WUjGcAqP1gQacoQe+OBJsFA7Ld4DyXuUIjZ5cc75cLHvJ7dtNsTugphxIADwspS+AraAUePCKrSVtPLFj/F88w==}

  picocolors@1.1.1:
    resolution: {integrity: sha512-xceH2snhtb5M9liqDsmEw56le376mTZkEX/jEb/RxNFyegNul7eNslCXP9FDj/Lcu0X8KEyMceP2ntpaHrDEVA==}

  picomatch@4.0.5:
    resolution: {integrity: sha512-RvwwcruNjI1ncT5xRakeyS9Lf8lcItv34KD+aif+VH9kduAyfYBipGh12274xtenIPZ119/R9BdTBa8gAwSh0A==}
    engines: {node: '>=12'}

  pkg-types@1.2.1:
    resolution: {integrity: sha512-sQoqa8alT3nHjGuTjuKgOnvjo4cljkufdtLMnO2LBP/wRwuDlo1tkaEdMxCRhyGRPacv/ztlZgDPm2b7FAmEvw==}

  pkg-types@1.3.1:
    resolution: {integrity: sha512-/Jm5M4RvtBFVkKWRu2BLUTNP8/M2a+UwuAX+ae4770q1qVGtfjG+WTCupoZixokjmHiry8uI+dlY8KXYV5HVVQ==}

  readdirp@4.0.1:
    resolution: {integrity: sha512-GkMg9uOTpIWWKbSsgwb5fA4EavTR+SG/PMPoAY8hkhHfEEY0/vqljY+XHqtDf2cr2IJtoNRDbrrEpZUiZCkYRw==}
    engines: {node: '>= 14.16.0'}

  rolldown@1.0.0-beta.60:
    resolution: {integrity: sha512-YYgpv7MiTp9LdLj1fzGzCtij8Yi2OKEc3HQtfbIxW4yuSgpQz9518I69U72T5ErPA/ATOXqlcisiLrWy+5V9YA==}
    engines: {node: ^20.19.0 || >=22.12.0}
    hasBin: true

  tinyglobby@0.2.17:
    resolution: {integrity: sha512-wXR/dYpcqKmfWpEdZjiKJOwCNFndD0DMnrW/cYjVGttEkBfVgcLFHoNrlj47mjOVic9yyNu65alsgF4NQyTa2g==}
    engines: {node: '>=12.0.0'}

  tsdown@0.4.0:
    resolution: {integrity: sha512-ZKez9KgFRk2zxBNlW2qp1SjYLxfDCeMR5QVKgax6nJDqzT2DO2yunRvvDouyNs07FDpJElxGTqgHnF8wYDn+sA==}
    engines: {node: '>=18.0.0'}
    hasBin: true

  tslib@2.8.1:
    resolution: {integrity: sha512-oJFu94HQb+KVduSUQL7wnpmqnfmLsOA/nAh6b6EH0wCEoK0/mPeXU6c3wKDV83MkOuHPRHtSXKKU99IBazS/2w==}

  tsx@4.23.12:
    resolution: {integrity: sha512-FDf4L4sYzKtzWYhU/Xm0AQFdTjdIxNo9ElTf2mxXM6k8YMHXzYUe4yODVaXP4V9uMFbVg8c0qyBccK2OOxb45Q==}
    engines: {node: '>=18.0.0'}
    hasBin: true

  typescript@5.7.2:
    resolution: {integrity: sha512-i5t66RHxDvVN40HfDd1PsEThGNnlMCMT3jMUuoh9/0TaqWevNontacunWyN02LA9/fIbEWlcHZcgTKb9QoaLfg==}
    engines: {node: '>=14.17'}
    hasBin: true

  ufo@1.6.4:
    resolution: {integrity: sha512-JFNbkD1Svwe0KvGi8GOeLcP4kAWQ609twvCdcHxq1oSL8svv39ZuSvajcD8B+5D0eL4+s1Is2D/O6KN3qcTeRA==}

  unconfig@0.6.0:
    resolution: {integrity: sha512-4C67J0nIF2QwSXty2kW3zZx1pMZ3iXabylvJWWgHybWVUcMf9pxwsngoQt0gC+AVstRywFqrRBp3qOXJayhpOw==}

  unplugin-isolated-decl@0.9.3:
    resolution: {integrity: sha512-MBhilVMaCYgwSCONSwc45DNKSw7b9rSlsnyfDOJlhFRb2mGLgsQTAs9QTfonKSPjHSNy3lBHmQmv0picBLcKNA==}
    engines: {node: '>=18.12.0'}
    peerDependencies:
      '@swc/core': ^1.6.6
      oxc-transform: '>=0.28.0'
      typescript: ^5.5.2
    peerDependenciesMeta:
      '@swc/core':
        optional: true
      oxc-transform:
        optional: true
      typescript:
        optional: true

  unplugin-unused@0.2.3:
    resolution: {integrity: sha512-qX708+nM4zi51RPMPgvOSqRs/73kUFKUO49oaBngg2t/VW5MhdbTkSQG/S1HEGsIvZcB/t32KzbISCF0n+UPSw==}
    engines: {node: '>=18.12.0'}

  unplugin@1.14.0:
    resolution: {integrity: sha512-cfkZeALGyW7tKYjZbi0G+pn0XnUFa0QvLIeLJEUUlnU0R8YYsBQnt5+h9Eu1B7AB7KETld+UBFI5lOeBL+msoQ==}
    engines: {node: '>=14.0.0'}
    peerDependencies:
      webpack-sources: ^3
    peerDependenciesMeta:
      webpack-sources:
        optional: true

  unplugin@2.0.0-beta.1:
    resolution: {integrity: sha512-2qzQo5LN2DmUZXkWDHvGKLF5BP0WN+KthD6aPnPJ8plRBIjv4lh5O07eYcSxgO2znNw9s4MNhEO1sB+JDllDbQ==}
    engines: {node: '>=18.12.0'}

  webpack-virtual-modules@0.6.2:
    resolution: {integrity: sha512-66/V2i5hQanC51vBQKPH4aI8NMAcBW59FVBs+rC7eGHupMyfn34q7rZIE+ETlJ+XTevqfUhVVBgSUNSW2flEUQ==}

snapshots:

  '@antfu/utils@0.7.10': {}

  '@emnapi/core@1.11.3':
    dependencies:
      '@emnapi/wasi-threads': 1.2.3
      tslib: 2.8.1
    optional: true

  '@emnapi/runtime@1.11.3':
    dependencies:
      tslib: 2.8.1
    optional: true

  '@emnapi/wasi-threads@1.2.3':
    dependencies:
      tslib: 2.8.1
    optional: true

  '@esbuild/aix-ppc64@0.20.2':
    optional: true

  '@esbuild/aix-ppc64@0.28.2':
    optional: true

  '@esbuild/android-arm64@0.20.2':
    optional: true

  '@esbuild/android-arm64@0.28.2':
    optional: true

  '@esbuild/android-arm@0.20.2':
    optional: true

  '@esbuild/android-arm@0.28.2':
    optional: true

  '@esbuild/android-x64@0.20.2':
    optional: true

  '@esbuild/android-x64@0.28.2':
    optional: true

  '@esbuild/darwin-arm64@0.20.2':
    optional: true

  '@esbuild/darwin-arm64@0.28.2':
    optional: true

  '@esbuild/darwin-x64@0.20.2':
    optional: true

  '@esbuild/darwin-x64@0.28.2':
    optional: true

  '@esbuild/freebsd-arm64@0.20.2':
    optional: true

  '@esbuild/freebsd-arm64@0.28.2':
    optional: true

  '@esbuild/freebsd-x64@0.20.2':
    optional: true

  '@esbuild/freebsd-x64@0.28.2':
    optional: true

  '@esbuild/linux-arm64@0.20.2':
    optional: true

  '@esbuild/linux-arm64@0.28.2':
    optional: true

  '@esbuild/linux-arm@0.20.2':
    optional: true

  '@esbuild/linux-arm@0.28.2':
    optional: true

  '@esbuild/linux-ia32@0.20.2':
    optional: true

  '@esbuild/linux-ia32@0.28.2':
    optional: true

  '@esbuild/linux-loong64@0.20.2':
    optional: true

  '@esbuild/linux-loong64@0.28.2':
    optional: true

  '@esbuild/linux-mips64el@0.20.2':
    optional: true

  '@esbuild/linux-mips64el@0.28.2':
    optional: true

  '@esbuild/linux-ppc64@0.20.2':
    optional: true

  '@esbuild/linux-ppc64@0.28.2':
    optional: true

  '@esbuild/linux-riscv64@0.20.2':
    optional: true

  '@esbuild/linux-riscv64@0.28.2':
    optional: true

  '@esbuild/linux-s390x@0.20.2':
    optional: true

  '@esbuild/linux-s390x@0.28.2':
    optional: true

  '@esbuild/linux-x64@0.20.2':
    optional: true

  '@esbuild/linux-x64@0.28.2':
    optional: true

  '@esbuild/netbsd-arm64@0.28.2':
    optional: true

  '@esbuild/netbsd-x64@0.20.2':
    optional: true

  '@esbuild/netbsd-x64@0.28.2':
    optional: true

  '@esbuild/openbsd-arm64@0.28.2':
    optional: true

  '@esbuild/openbsd-x64@0.20.2':
    optional: true

  '@esbuild/openbsd-x64@0.28.2':
    optional: true

  '@esbuild/openharmony-arm64@0.28.2':
    optional: true

  '@esbuild/sunos-x64@0.20.2':
    optional: true

  '@esbuild/sunos-x64@0.28.2':
    optional: true

  '@esbuild/win32-arm64@0.20.2':
    optional: true

  '@esbuild/win32-arm64@0.28.2':
    optional: true

  '@esbuild/win32-ia32@0.20.2':
    optional: true

  '@esbuild/win32-ia32@0.28.2':
    optional: true

  '@esbuild/win32-x64@0.20.2':
    optional: true

  '@esbuild/win32-x64@0.28.2':
    optional: true

  '@jridgewell/sourcemap-codec@1.5.0': {}

  '@napi-rs/wasm-runtime@1.2.3(@emnapi/core@1.11.3)(@emnapi/runtime@1.11.3)':
    dependencies:
      '@emnapi/core': 1.11.3
      '@emnapi/runtime': 1.11.3
      '@tybys/wasm-util': 0.10.3
    optional: true

  '@oxc-parser/binding-darwin-arm64@0.38.0':
    optional: true

  '@oxc-parser/binding-darwin-x64@0.38.0':
    optional: true

  '@oxc-parser/binding-linux-arm64-gnu@0.38.0':
    optional: true

  '@oxc-parser/binding-linux-arm64-musl@0.38.0':
    optional: true

  '@oxc-parser/binding-linux-x64-gnu@0.38.0':
    optional: true

  '@oxc-parser/binding-linux-x64-musl@0.38.0':
    optional: true

  '@oxc-parser/binding-win32-arm64-msvc@0.38.0':
    optional: true

  '@oxc-parser/binding-win32-x64-msvc@0.38.0':
    optional: true

  '@oxc-project/types@0.108.0': {}

  '@oxc-project/types@0.38.0': {}

  '@oxc-transform/binding-darwin-arm64@0.38.0':
    optional: true

  '@oxc-transform/binding-darwin-x64@0.38.0':
    optional: true

  '@oxc-transform/binding-linux-arm64-gnu@0.38.0':
    optional: true

  '@oxc-transform/binding-linux-arm64-musl@0.38.0':
    optional: true

  '@oxc-transform/binding-linux-x64-gnu@0.38.0':
    optional: true

  '@oxc-transform/binding-linux-x64-musl@0.38.0':
    optional: true

  '@oxc-transform/binding-win32-arm64-msvc@0.38.0':
    optional: true

  '@oxc-transform/binding-win32-x64-msvc@0.38.0':
    optional: true

  '@rolldown/binding-android-arm64@1.0.0-beta.60':
    optional: true

  '@rolldown/binding-darwin-arm64@1.0.0-beta.60':
    optional: true

  '@rolldown/binding-darwin-x64@1.0.0-beta.60':
    optional: true

  '@rolldown/binding-freebsd-x64@1.0.0-beta.60':
    optional: true

  '@rolldown/binding-linux-arm-gnueabihf@1.0.0-beta.60':
    optional: true

  '@rolldown/binding-linux-arm64-gnu@1.0.0-beta.60':
    optional: true

  '@rolldown/binding-linux-arm64-musl@1.0.0-beta.60':
    optional: true

  '@rolldown/binding-linux-x64-gnu@1.0.0-beta.60':
    optional: true

  '@rolldown/binding-linux-x64-musl@1.0.0-beta.60':
    optional: true

  '@rolldown/binding-openharmony-arm64@1.0.0-beta.60':
    optional: true

  '@rolldown/binding-wasm32-wasi@1.0.0-beta.60(@emnapi/core@1.11.3)(@emnapi/runtime@1.11.3)':
    dependencies:
      '@napi-rs/wasm-runtime': 1.2.3(@emnapi/core@1.11.3)(@emnapi/runtime@1.11.3)
    transitivePeerDependencies:
      - '@emnapi/core'
      - '@emnapi/runtime'
    optional: true

  '@rolldown/binding-win32-arm64-msvc@1.0.0-beta.60':
    optional: true

  '@rolldown/binding-win32-x64-msvc@1.0.0-beta.60':
    optional: true

  '@rolldown/pluginutils@1.0.0-beta.60': {}

  '@rollup/pluginutils@5.4.0':
    dependencies:
      '@types/estree': 1.0.9
      estree-walker: 2.0.2
      picomatch: 4.0.5

  '@tybys/wasm-util@0.10.3':
    dependencies:
      tslib: 2.8.1
    optional: true

  '@types/estree@1.0.9': {}

  acorn@8.18.0: {}

  bundle-require@5.1.0(esbuild@0.20.2):
    dependencies:
      esbuild: 0.20.2
      load-tsconfig: 0.2.5

  cac@6.7.14: {}

  chokidar@4.0.3:
    dependencies:
      readdirp: 4.0.1

  confbox@0.1.8: {}

  consola@3.4.2: {}

  debug@4.4.3:
    dependencies:
      ms: 2.1.3

  defu@6.1.7: {}

  esbuild@0.20.2:
    optionalDependencies:
      '@esbuild/aix-ppc64': 0.20.2
      '@esbuild/android-arm': 0.20.2
      '@esbuild/android-arm64': 0.20.2
      '@esbuild/android-x64': 0.20.2
      '@esbuild/darwin-arm64': 0.20.2
      '@esbuild/darwin-x64': 0.20.2
      '@esbuild/freebsd-arm64': 0.20.2
      '@esbuild/freebsd-x64': 0.20.2
      '@esbuild/linux-arm': 0.20.2
      '@esbuild/linux-arm64': 0.20.2
      '@esbuild/linux-ia32': 0.20.2
      '@esbuild/linux-loong64': 0.20.2
      '@esbuild/linux-mips64el': 0.20.2
      '@esbuild/linux-ppc64': 0.20.2
      '@esbuild/linux-riscv64': 0.20.2
      '@esbuild/linux-s390x': 0.20.2
      '@esbuild/linux-x64': 0.20.2
      '@esbuild/netbsd-x64': 0.20.2
      '@esbuild/openbsd-x64': 0.20.2
      '@esbuild/sunos-x64': 0.20.2
      '@esbuild/win32-arm64': 0.20.2
      '@esbuild/win32-ia32': 0.20.2
      '@esbuild/win32-x64': 0.20.2

  esbuild@0.28.2:
    optionalDependencies:
      '@esbuild/aix-ppc64': 0.28.2
      '@esbuild/android-arm': 0.28.2
      '@esbuild/android-arm64': 0.28.2
      '@esbuild/android-x64': 0.28.2
      '@esbuild/darwin-arm64': 0.28.2
      '@esbuild/darwin-x64': 0.28.2
      '@esbuild/freebsd-arm64': 0.28.2
      '@esbuild/freebsd-x64': 0.28.2
      '@esbuild/linux-arm': 0.28.2
      '@esbuild/linux-arm64': 0.28.2
      '@esbuild/linux-ia32': 0.28.2
      '@esbuild/linux-loong64': 0.28.2
      '@esbuild/linux-mips64el': 0.28.2
      '@esbuild/linux-ppc64': 0.28.2
      '@esbuild/linux-riscv64': 0.28.2
      '@esbuild/linux-s390x': 0.28.2
      '@esbuild/linux-x64': 0.28.2
      '@esbuild/netbsd-arm64': 0.28.2
      '@esbuild/netbsd-x64': 0.28.2
      '@esbuild/openbsd-arm64': 0.28.2
      '@esbuild/openbsd-x64': 0.28.2
      '@esbuild/openharmony-arm64': 0.28.2
      '@esbuild/sunos-x64': 0.28.2
      '@esbuild/win32-arm64': 0.28.2
      '@esbuild/win32-ia32': 0.28.2
      '@esbuild/win32-x64': 0.28.2

  estree-walker@2.0.2: {}

  fdir@6.5.0(picomatch@4.0.5):
    optionalDependencies:
      picomatch: 4.0.5

  fsevents@2.3.3:
    optional: true

  importx@0.5.2:
    dependencies:
      bundle-require: 5.1.0(esbuild@0.20.2)
      debug: 4.4.3
      esbuild: 0.20.2
      jiti: 2.7.0
      pathe: 2.0.3
      tsx: 4.23.12
    transitivePeerDependencies:
      - supports-color

  jiti@2.7.0: {}

  js-tokens@9.0.0: {}

  load-tsconfig@0.2.5: {}

  magic-string@0.30.14:
    dependencies:
      '@jridgewell/sourcemap-codec': 1.5.0

  mlly@1.8.2:
    dependencies:
      acorn: 8.18.0
      pathe: 2.0.3
      pkg-types: 1.3.1
      ufo: 1.6.4

  ms@2.1.3: {}

  oxc-parser@0.38.0:
    dependencies:
      '@oxc-project/types': 0.38.0
    optionalDependencies:
      '@oxc-parser/binding-darwin-arm64': 0.38.0
      '@oxc-parser/binding-darwin-x64': 0.38.0
      '@oxc-parser/binding-linux-arm64-gnu': 0.38.0
      '@oxc-parser/binding-linux-arm64-musl': 0.38.0
      '@oxc-parser/binding-linux-x64-gnu': 0.38.0
      '@oxc-parser/binding-linux-x64-musl': 0.38.0
      '@oxc-parser/binding-win32-arm64-msvc': 0.38.0
      '@oxc-parser/binding-win32-x64-msvc': 0.38.0

  oxc-transform@0.38.0:
    optionalDependencies:
      '@oxc-transform/binding-darwin-arm64': 0.38.0
      '@oxc-transform/binding-darwin-x64': 0.38.0
      '@oxc-transform/binding-linux-arm64-gnu': 0.38.0
      '@oxc-transform/binding-linux-arm64-musl': 0.38.0
      '@oxc-transform/binding-linux-x64-gnu': 0.38.0
      '@oxc-transform/binding-linux-x64-musl': 0.38.0
      '@oxc-transform/binding-win32-arm64-msvc': 0.38.0
      '@oxc-transform/binding-win32-x64-msvc': 0.38.0

  pathe@1.1.2: {}

  pathe@2.0.3: {}

  picocolors@1.1.1: {}

  picomatch@4.0.5: {}

  pkg-types@1.2.1:
    dependencies:
      confbox: 0.1.8
      mlly: 1.8.2
      pathe: 1.1.2

  pkg-types@1.3.1:
    dependencies:
      confbox: 0.1.8
      mlly: 1.8.2
      pathe: 2.0.3

  readdirp@4.0.1: {}

  rolldown@1.0.0-beta.60(@emnapi/core@1.11.3)(@emnapi/runtime@1.11.3):
    dependencies:
      '@oxc-project/types': 0.108.0
      '@rolldown/pluginutils': 1.0.0-beta.60
    optionalDependencies:
      '@rolldown/binding-android-arm64': 1.0.0-beta.60
      '@rolldown/binding-darwin-arm64': 1.0.0-beta.60
      '@rolldown/binding-darwin-x64': 1.0.0-beta.60
      '@rolldown/binding-freebsd-x64': 1.0.0-beta.60
      '@rolldown/binding-linux-arm-gnueabihf': 1.0.0-beta.60
      '@rolldown/binding-linux-arm64-gnu': 1.0.0-beta.60
      '@rolldown/binding-linux-arm64-musl': 1.0.0-beta.60
      '@rolldown/binding-linux-x64-gnu': 1.0.0-beta.60
      '@rolldown/binding-linux-x64-musl': 1.0.0-beta.60
      '@rolldown/binding-openharmony-arm64': 1.0.0-beta.60
      '@rolldown/binding-wasm32-wasi': 1.0.0-beta.60(@emnapi/core@1.11.3)(@emnapi/runtime@1.11.3)
      '@rolldown/binding-win32-arm64-msvc': 1.0.0-beta.60
      '@rolldown/binding-win32-x64-msvc': 1.0.0-beta.60
    transitivePeerDependencies:
      - '@emnapi/core'
      - '@emnapi/runtime'

  tinyglobby@0.2.17:
    dependencies:
      fdir: 6.5.0(picomatch@4.0.5)
      picomatch: 4.0.5

  tsdown@0.4.0(@emnapi/core@1.11.3)(@emnapi/runtime@1.11.3)(typescript@5.7.2):
    dependencies:
      cac: 6.7.14
      chokidar: 4.0.3
      consola: 3.4.2
      debug: 4.4.3
      oxc-transform: 0.38.0
      picocolors: 1.1.1
      pkg-types: 1.2.1
      rolldown: 1.0.0-beta.60(@emnapi/core@1.11.3)(@emnapi/runtime@1.11.3)
      tinyglobby: 0.2.17
      unconfig: 0.6.0
      unplugin-isolated-decl: 0.9.3(oxc-transform@0.38.0)(typescript@5.7.2)
      unplugin-unused: 0.2.3
    transitivePeerDependencies:
      - '@emnapi/core'
      - '@emnapi/runtime'
      - '@swc/core'
      - rollup
      - supports-color
      - typescript
      - webpack-sources

  tslib@2.8.1:
    optional: true

  tsx@4.23.12:
    dependencies:
      esbuild: 0.28.2
    optionalDependencies:
      fsevents: 2.3.3

  typescript@5.7.2: {}

  ufo@1.6.4: {}

  unconfig@0.6.0:
    dependencies:
      '@antfu/utils': 0.7.10
      defu: 6.1.7
      importx: 0.5.2
    transitivePeerDependencies:
      - supports-color

  unplugin-isolated-decl@0.9.3(oxc-transform@0.38.0)(typescript@5.7.2):
    dependencies:
      '@rollup/pluginutils': 5.4.0
      debug: 4.4.3
      magic-string: 0.30.14
      oxc-parser: 0.38.0
      unplugin: 2.0.0-beta.1
    optionalDependencies:
      oxc-transform: 0.38.0
      typescript: 5.7.2
    transitivePeerDependencies:
      - rollup
      - supports-color

  unplugin-unused@0.2.3:
    dependencies:
      '@rollup/pluginutils': 5.4.0
      js-tokens: 9.0.0
      picocolors: 1.1.1
      pkg-types: 1.2.1
      unplugin: 1.14.0
    transitivePeerDependencies:
      - rollup
      - webpack-sources

  unplugin@1.14.0:
    dependencies:
      acorn: 8.18.0
      webpack-virtual-modules: 0.6.2

  unplugin@2.0.0-beta.1:
    dependencies:
      acorn: 8.18.0
      webpack-virtual-modules: 0.6.2

  webpack-virtual-modules@0.6.2: {}
